
Microsoft Visual Studio Solution File, Format Version 12.00
# Visual Studio 14
VisualStudioVersion = 14.0.25420.1
MinimumVisualStudioVersion = 10.0.40219.1
Project("{8BC9CEB8-8B4A-11D0-8D11-00A0C91BC942}") = "glfw-ggp", "glfw-ggp.vcxproj", "{7CE1F7F5-5DE0-4D67-9950-09C072A2B505}"
EndProject
Global
	GlobalSection(SolutionConfigurationPlatforms) = preSolution
		Debug|GGP = Debug|GGP
		Release|GGP = Release|GGP
	EndGlobalSection
	GlobalSection(ProjectConfigurationPlatforms) = postSolution
		{7CE1F7F5-5DE0-4D67-9950-09C072A2B505}.Debug|GGP.ActiveCfg = Debug|GGP
		{7CE1F7F5-5DE0-4D67-9950-09C072A2B505}.Debug|GGP.Build.0 = Debug|GGP
		{7CE1F7F5-5DE0-4D67-9950-09C072A2B505}.Release|GGP.ActiveCfg = Release|GGP
		{7CE1F7F5-5DE0-4D67-9950-09C072A2B505}.Release|GGP.Build.0 = Release|GGP
	EndGlobalSection
	GlobalSection(SolutionProperties) = preSolution
		HideSolutionNode = FALSE
	EndGlobalSection
EndGlobal
